
Microsoft Visual Studio Solution File, Format Version 12.00
# Visual Studio Version 17
VisualStudioVersion = 17.3.32825.248
MinimumVisualStudioVersion = 10.0.40219.1
Project("{9A19103F-16F7-4668-BE54-9A1E7A4F7556}") = "BlazorFullStackCrud.Server", "BlazorFullStackCrud\Server\BlazorFullStackCrud.Server.csproj", "{808EF63D-7195-481E-8583-1E53BC65718B}"
EndProject
Project("{9A19103F-16F7-4668-BE54-9A1E7A4F7556}") = "BlazorFullStackCrud.Client", "BlazorFullStackCrud\Client\BlazorFullStackCrud.Client.csproj", "{9B8A811A-C016-4EAA-92DD-E55E7CABA6FC}"
EndProject
Project("{9A19103F-16F7-4668-BE54-9A1E7A4F7556}") = "BlazorFullStackCrud.Shared", "BlazorFullStackCrud\Shared\BlazorFullStackCrud.Shared.csproj", "{2FBC34FC-8173-470F-8F3F-01D7A506107D}"
EndProject
Global
	GlobalSection(SolutionConfigurationPlatforms) = preSolution
		Debug|Any CPU = Debug|Any CPU
		Release|Any CPU = Release|Any CPU
	EndGlobalSection
	GlobalSection(ProjectConfigurationPlatforms) = postSolution
		{808EF63D-7195-481E-8583-1E53BC65718B}.Debug|Any CPU.ActiveCfg = Debug|Any CPU
		{808EF63D-7195-481E-8583-1E53BC65718B}.Debug|Any CPU.Build.0 = Debug|Any CPU
		{808EF63D-7195-481E-8583-1E53BC65718B}.Release|Any CPU.ActiveCfg = Release|Any CPU
		{808EF63D-7195-481E-8583-1E53BC65718B}.Release|Any CPU.Build.0 = Release|Any CPU
		{9B8A811A-C016-4EAA-92DD-E55E7CABA6FC}.Debug|Any CPU.ActiveCfg = Debug|Any CPU
		{9B8A811A-C016-4EAA-92DD-E55E7CABA6FC}.Debug|Any CPU.Build.0 = Debug|Any CPU
		{9B8A811A-C016-4EAA-92DD-E55E7CABA6FC}.Release|Any CPU.ActiveCfg = Release|Any CPU
		{9B8A811A-C016-4EAA-92DD-E55E7CABA6FC}.Release|Any CPU.Build.0 = Release|Any CPU
		{2FBC34FC-8173-470F-8F3F-01D7A506107D}.Debug|Any CPU.ActiveCfg = Debug|Any CPU
		{2FBC34FC-8173-470F-8F3F-01D7A506107D}.Debug|Any CPU.Build.0 = Debug|Any CPU
		{2FBC34FC-8173-470F-8F3F-01D7A506107D}.Release|Any CPU.ActiveCfg = Release|Any CPU
		{2FBC34FC-8173-470F-8F3F-01D7A506107D}.Release|Any CPU.Build.0 = Release|Any CPU
	EndGlobalSection
	GlobalSection(SolutionProperties) = preSolution
		HideSolutionNode = FALSE
	EndGlobalSection
	GlobalSection(ExtensibilityGlobals) = postSolution
		SolutionGuid = {040E245E-EE1D-48C4-9D31-0A7259FA53FA}
	EndGlobalSection
EndGlobal
